{
  "name": "rellu-toolbox",
  "version": "1.0.0",
  "lockfileVersion": 1,
  "requires": true,
  "dependencies": {
    "@fortawesome/fontawesome-free": {
      "version": "6.4.2",
      "resolved": "https://registry.npmjs.org/@fortawesome/fontawesome-free/-/fontawesome-free-6.4.2.tgz",
      "integrity": "sha512-m5cPn3e2+FDCOgi1mz0RexTUvvQibBebOUlUlW0+YrMjDTPkiJ6VTKukA1GRsvRw+12KyJndNjj0O4AgTxm2Pg=="
    },
    "admin-lte": {
      "version": "4.0.0-alpha3",
      "resolved": "https://registry.npmjs.org/admin-lte/-/admin-lte-4.0.0-alpha3.tgz",
      "integrity": "sha512-AG2gQ0amzsdNR9+hebBGBJtOth4/GPWNiFPnNqrBLLH/jLQsbTEUnKsGj0Kg4a8aqmxJfpvjdNaK58FCQ16O1g=="
    },
    "bootstrap": {
      "version": "5.3.1",
      "resolved": "https://registry.npmjs.org/bootstrap/-/bootstrap-5.3.1.tgz",
      "integrity": "sha512-jzwza3Yagduci2x0rr9MeFSORjcHpt0lRZukZPZQJT1Dth5qzV7XcgGqYzi39KGAVYR8QEDVoO0ubFKOxzMG+g=="
    },
    "jquery": {
      "version": "3.7.1",
      "resolved": "https://registry.npmjs.org/jquery/-/jquery-3.7.1.tgz",
      "integrity": "sha512-m4avr8yL8kmFN8psrbFFFmB/If14iN5o9nw/NgnnM+kybDJpRsAynV2BsfpTYrTRysYUdADVD7CkUUizgkpLfg=="
    },
    "toastr": {
      "version": "2.1.4",
      "resolved": "https://registry.npmjs.org/toastr/-/toastr-2.1.4.tgz",
      "integrity": "sha512-LIy77F5n+sz4tefMmFOntcJ6HL0Fv3k1TDnNmFZ0bU/GcvIIfy6eG2v7zQmMiYgaalAiUv75ttFrPn5s0gyqlA==",
      "requires": {
        "jquery": ">=1.12.0"
      }
    }
  }
}
